
Microsoft Visual Studio Solution File, Format Version 12.00
# Visual Studio 15
VisualStudioVersion = 15.0.27130.0
MinimumVisualStudioVersion = 10.0.40219.1
Project("{FAE04EC0-301F-11D3-BF4B-00C04F79EFBC}") = "Pitangueiros.GuardioesDasQuentinhas.Domain.Entities", "Pitangueiros.GuardioesDasQuentinhas.Domain\Pitangueiros.GuardioesDasQuentinhas.Domain.Entities.csproj", "{C1F0217C-F4CE-44AF-92D6-FF91BDE9AA12}"
EndProject
Project("{2150E333-8FDC-42A3-9474-1A3956D46DE8}") = "Domain", "Domain", "{FD141618-B4F9-4585-9BB3-1675A5254D55}"
EndProject
Project("{2150E333-8FDC-42A3-9474-1A3956D46DE8}") = "Crosscutting", "Crosscutting", "{DA37F7D0-093B-4282-ABB9-DDE10DA33EAB}"
EndProject
Project("{2150E333-8FDC-42A3-9474-1A3956D46DE8}") = "Distribution", "Distribution", "{7E00C958-CF4C-4957-93C3-38B03E70776B}"
EndProject
Project("{2150E333-8FDC-42A3-9474-1A3956D46DE8}") = "Aplication", "Aplication", "{A7C499F1-013F-46A8-BF34-F46055245866}"
EndProject
Project("{FAE04EC0-301F-11D3-BF4B-00C04F79EFBC}") = "Pitangueiros.GuardioesDasQuentinhas.Domain.Contracts", "Pitangueiros.GuardioesDasQuentinhas.Domain.Contracts\Pitangueiros.GuardioesDasQuentinhas.Domain.Contracts.csproj", "{E968A184-60BF-413F-B602-78F5CDBD2A32}"
EndProject
Project("{FAE04EC0-301F-11D3-BF4B-00C04F79EFBC}") = "Pitangueiros.GuardioesDasQuentinhas.App.Entities", "Pitangueiros.GuardioesDasQuentinhas.App.Entities\Pitangueiros.GuardioesDasQuentinhas.App.Entities.csproj", "{1046268E-99D6-4D8C-9543-05F26023141B}"
EndProject
Project("{FAE04EC0-301F-11D3-BF4B-00C04F79EFBC}") = "Pitangueiros.GuardioesDasQuentinhas.App.Contracts", "Pitangueiros.GuardioesDasQuentinhas.App.Contracts\Pitangueiros.GuardioesDasQuentinhas.App.Contracts.csproj", "{CB9ADA96-65D4-490C-958B-EDE7C934E141}"
EndProject
Global
	GlobalSection(SolutionConfigurationPlatforms) = preSolution
		Debug|Any CPU = Debug|Any CPU
		Release|Any CPU = Release|Any CPU
	EndGlobalSection
	GlobalSection(ProjectConfigurationPlatforms) = postSolution
		{C1F0217C-F4CE-44AF-92D6-FF91BDE9AA12}.Debug|Any CPU.ActiveCfg = Debug|Any CPU
		{C1F0217C-F4CE-44AF-92D6-FF91BDE9AA12}.Debug|Any CPU.Build.0 = Debug|Any CPU
		{C1F0217C-F4CE-44AF-92D6-FF91BDE9AA12}.Release|Any CPU.ActiveCfg = Release|Any CPU
		{C1F0217C-F4CE-44AF-92D6-FF91BDE9AA12}.Release|Any CPU.Build.0 = Release|Any CPU
		{E968A184-60BF-413F-B602-78F5CDBD2A32}.Debug|Any CPU.ActiveCfg = Debug|Any CPU
		{E968A184-60BF-413F-B602-78F5CDBD2A32}.Debug|Any CPU.Build.0 = Debug|Any CPU
		{E968A184-60BF-413F-B602-78F5CDBD2A32}.Release|Any CPU.ActiveCfg = Release|Any CPU
		{E968A184-60BF-413F-B602-78F5CDBD2A32}.Release|Any CPU.Build.0 = Release|Any CPU
		{1046268E-99D6-4D8C-9543-05F26023141B}.Debug|Any CPU.ActiveCfg = Debug|Any CPU
		{1046268E-99D6-4D8C-9543-05F26023141B}.Debug|Any CPU.Build.0 = Debug|Any CPU
		{1046268E-99D6-4D8C-9543-05F26023141B}.Release|Any CPU.ActiveCfg = Release|Any CPU
		{1046268E-99D6-4D8C-9543-05F26023141B}.Release|Any CPU.Build.0 = Release|Any CPU
		{CB9ADA96-65D4-490C-958B-EDE7C934E141}.Debug|Any CPU.ActiveCfg = Debug|Any CPU
		{CB9ADA96-65D4-490C-958B-EDE7C934E141}.Debug|Any CPU.Build.0 = Debug|Any CPU
		{CB9ADA96-65D4-490C-958B-EDE7C934E141}.Release|Any CPU.ActiveCfg = Release|Any CPU
		{CB9ADA96-65D4-490C-958B-EDE7C934E141}.Release|Any CPU.Build.0 = Release|Any CPU
	EndGlobalSection
	GlobalSection(SolutionProperties) = preSolution
		HideSolutionNode = FALSE
	EndGlobalSection
	GlobalSection(NestedProjects) = preSolution
		{C1F0217C-F4CE-44AF-92D6-FF91BDE9AA12} = {FD141618-B4F9-4585-9BB3-1675A5254D55}
		{E968A184-60BF-413F-B602-78F5CDBD2A32} = {FD141618-B4F9-4585-9BB3-1675A5254D55}
		{1046268E-99D6-4D8C-9543-05F26023141B} = {A7C499F1-013F-46A8-BF34-F46055245866}
		{CB9ADA96-65D4-490C-958B-EDE7C934E141} = {A7C499F1-013F-46A8-BF34-F46055245866}
	EndGlobalSection
	GlobalSection(ExtensibilityGlobals) = postSolution
		SolutionGuid = {B5CBFD18-EA25-4A72-90E8-0C2B5C563958}
	EndGlobalSection
EndGlobal
